{
  "requires": true,
  "lockfileVersion": 1,
  "dependencies": {
    "hexo-generator-restful": {
      "version": "0.2.3",
      "resolved": "https://registry.npmjs.org/hexo-generator-restful/-/hexo-generator-restful-0.2.3.tgz",
      "integrity": "sha512-2j10QDfEG4drdc/6BM1WYxq/GPMsj+0Lh48Hg8linEOhCctBftIscxxBa7z4lzlgtBc16nOAOpgeaADseIlncQ==",
      "requires": {
        "hexo-pagination": "^0.1.0",
        "lodash.pick": "^4.4.0"
      }
    },
    "hexo-pagination": {
      "version": "0.1.0",
      "resolved": "https://registry.npmjs.org/hexo-pagination/-/hexo-pagination-0.1.0.tgz",
      "integrity": "sha1-VPC+EuauUdHApvACNnS6d6xRTOM=",
      "requires": {
        "object-assign": "^4.1.0"
      }
    },
    "lodash.pick": {
      "version": "4.4.0",
      "resolved": "https://registry.npmjs.org/lodash.pick/-/lodash.pick-4.4.0.tgz",
      "integrity": "sha1-UvBWEP/53tQiYRRB7R/BI6AwAbM="
    },
    "object-assign": {
      "version": "4.1.1",
      "resolved": "https://registry.npmjs.org/object-assign/-/object-assign-4.1.1.tgz",
      "integrity": "sha1-IQmtx5ZYh8/AXLvUQsrIv7s2CGM="
    }
  }
}
